# This file is autogenerated, do not edit; changes may be undone by the next 'dep ensure'.


[[projects]]
  branch = "master"
  digest = "1:d1a104572273cfb58e801812704dca4fe2eab80f3b0144592a722a76c280c598"
  name = "code.cloudfoundry.org/bytefmt"
  packages = ["."]
  pruneopts = "UT"
  revision = "2aa6f33b730c79971cfc3c742f279195b0abc627"

[[projects]]
  digest = "1:cdb899c199f907ac9fb50495ec71212c95cb5b0e0a8ee0800da0238036091033"
  name = "github.com/mattn/go-runewidth"
  packages = ["."]
  pruneopts = "UT"
  revision = "ce7b0b5c7b45a81508558cd1dba6bb1e4ddb51bb"
  version = "v0.0.3"

[[projects]]
  branch = "master"
  digest = "1:f335d800550786b6f51ddaedb9d1107a7a72f4a2195e5b039dd7c0e103e119bc"
  name = "github.com/nsf/termbox-go"
  packages = ["."]
  pruneopts = "UT"
  revision = "b66b20ab708e289ff1eb3e218478302e6aec28ce"

[[projects]]
  digest = "1:8fd3a15613c7e70cceff3aa03dd57560dba87c4868864e397d5eb2f14addd3f5"
  name = "github.com/ogier/pflag"
  packages = ["."]
  pruneopts = "UT"
  revision = "32a05c62658bd1d7c7e75cbc8195de5d585fde0f"
  version = "v0.0.1"

[solve-meta]
  analyzer-name = "dep"
  analyzer-version = 1
  input-imports = [
    "code.cloudfoundry.org/bytefmt",
    "github.com/nsf/termbox-go",
    "github.com/ogier/pflag",
  ]
  solver-name = "gps-cdcl"
  solver-version = 1
